
Microsoft Visual Studio Solution File, Format Version 12.00
# Visual Studio 15
VisualStudioVersion = 15.0.28307.421
MinimumVisualStudioVersion = 10.0.40219.1
Project("{FAE04EC0-301F-11D3-BF4B-00C04F79EFBC}") = "HiTech", "HiTech\HiTech.csproj", "{3381D873-1532-45A9-9E9E-0478B81BCF71}"
EndProject
Global
	GlobalSection(SolutionConfigurationPlatforms) = preSolution
		Debug|Any CPU = Debug|Any CPU
		Release|Any CPU = Release|Any CPU
	EndGlobalSection
	GlobalSection(ProjectConfigurationPlatforms) = postSolution
		{3381D873-1532-45A9-9E9E-0478B81BCF71}.Debug|Any CPU.ActiveCfg = Debug|Any CPU
		{3381D873-1532-45A9-9E9E-0478B81BCF71}.Debug|Any CPU.Build.0 = Debug|Any CPU
		{3381D873-1532-45A9-9E9E-0478B81BCF71}.Release|Any CPU.ActiveCfg = Release|Any CPU
		{3381D873-1532-45A9-9E9E-0478B81BCF71}.Release|Any CPU.Build.0 = Release|Any CPU
	EndGlobalSection
	GlobalSection(SolutionProperties) = preSolution
		HideSolutionNode = FALSE
	EndGlobalSection
	GlobalSection(ExtensibilityGlobals) = postSolution
		SolutionGuid = {6B0212A0-8593-4498-B19C-EE92F7C553B1}
	EndGlobalSection
EndGlobal
